
Microsoft Visual Studio Solution File, Format Version 12.00
# Visual Studio Version 17
VisualStudioVersion = 17.9.34714.143
MinimumVisualStudioVersion = 10.0.40219.1
Project("{FAE04EC0-301F-11D3-BF4B-00C04F79EFBC}") = "svo", "svo\svo.csproj", "{B27F7727-1C8D-4D8C-84AD-0C944E6F8B8C}"
EndProject
Global
	GlobalSection(SolutionConfigurationPlatforms) = preSolution
		Debug|Any CPU = Debug|Any CPU
		Release|Any CPU = Release|Any CPU
	EndGlobalSection
	GlobalSection(ProjectConfigurationPlatforms) = postSolution
		{B27F7727-1C8D-4D8C-84AD-0C944E6F8B8C}.Debug|Any CPU.ActiveCfg = Debug|Any CPU
		{B27F7727-1C8D-4D8C-84AD-0C944E6F8B8C}.Debug|Any CPU.Build.0 = Debug|Any CPU
		{B27F7727-1C8D-4D8C-84AD-0C944E6F8B8C}.Release|Any CPU.ActiveCfg = Release|Any CPU
		{B27F7727-1C8D-4D8C-84AD-0C944E6F8B8C}.Release|Any CPU.Build.0 = Release|Any CPU
	EndGlobalSection
	GlobalSection(SolutionProperties) = preSolution
		HideSolutionNode = FALSE
	EndGlobalSection
	GlobalSection(ExtensibilityGlobals) = postSolution
		SolutionGuid = {C65FB299-F489-4813-9375-994DAFD2EC00}
	EndGlobalSection
EndGlobal
